// !$*UTF8*$!
{
	archiveVersion = 1;
	classes = {
	};
	objectVersion = 55;
	objects = {

/* Begin PBXBuildFile section */
		D4E48B5827C702A800A8D8F0 /* ExampleApp.swift in Sources */ = {isa = PBXBuildFile; fileRef = D4E48B4927C702A600A8D8F0 /* ExampleApp.swift */; };
		D4E48B5927C702A800A8D8F0 /* ExampleApp.swift in Sources */ = {isa = PBXBuildFile; fileRef = D4E48B4927C702A600A8D8F0 /* ExampleApp.swift */; };
		D4E48B5A27C702A800A8D8F0 /* ContentView.swift in Sources */ = {isa = PBXBuildFile; fileRef = D4E48B4A27C702A600A8D8F0 /* ContentView.swift */; };
		D4E48B5B27C702A800A8D8F0 /* ContentView.swift in Sources */ = {isa = PBXBuildFile; fileRef = D4E48B4A27C702A600A8D8F0 /* ContentView.swift */; };
		D4E48B5C27C702A800A8D8F0 /* Assets.xcassets in Resources */ = {isa = PBXBuildFile; fileRef = D4E48B4B27C702A800A8D8F0 /* Assets.xcassets */; };
		D4E48B5D27C702A800A8D8F0 /* Assets.xcassets in Resources */ = {isa = PBXBuildFile; fileRef = D4E48B4B27C702A800A8D8F0 /* Assets.xcassets */; };
		D4E48B6627C7038000A8D8F0 /* Exhibition in Frameworks */ = {isa = PBXBuildFile; productRef = D4E48B6527C7038000A8D8F0 /* Exhibition */; };
		D4E48B6727C7038D00A8D8F0 /* Exhibition.generated.swift in Sources */ = {isa = PBXBuildFile; fileRef = D4E576A227B5988A00A97BB7 /* Exhibition.generated.swift */; };
		D4E48B6827C7038E00A8D8F0 /* Exhibition.generated.swift in Sources */ = {isa = PBXBuildFile; fileRef = D4E576A227B5988A00A97BB7 /* Exhibition.generated.swift */; };
		D4E48B6927C7039400A8D8F0 /* CustomButton.swift in Sources */ = {isa = PBXBuildFile; fileRef = D4B3610827B18839001F5E20 /* CustomButton.swift */; };
		D4E48B6C27C7039400A8D8F0 /* CustomButton.swift in Sources */ = {isa = PBXBuildFile; fileRef = D4B3610827B18839001F5E20 /* CustomButton.swift */; };
		D4E48B7127C703DF00A8D8F0 /* Exhibition in Frameworks */ = {isa = PBXBuildFile; productRef = D4E48B7027C703DF00A8D8F0 /* Exhibition */; };
/* End PBXBuildFile section */

/* Begin PBXFileReference section */
		D45C4ED327B1CE5000BA8515 /*  */ = {isa = PBXFileReference; lastKnownFileType = wrapper; name = ""; sourceTree = "<group>"; };
		D4B3610827B18839001F5E20 /* CustomButton.swift */ = {isa = PBXFileReference; lastKnownFileType = sourcecode.swift; path = CustomButton.swift; sourceTree = "<group>"; };
		D4E48B4927C702A600A8D8F0 /* ExampleApp.swift */ = {isa = PBXFileReference; lastKnownFileType = sourcecode.swift; path = ExampleApp.swift; sourceTree = "<group>"; };
		D4E48B4A27C702A600A8D8F0 /* ContentView.swift */ = {isa = PBXFileReference; lastKnownFileType = sourcecode.swift; path = ContentView.swift; sourceTree = "<group>"; };
		D4E48B4B27C702A800A8D8F0 /* Assets.xcassets */ = {isa = PBXFileReference; lastKnownFileType = folder.assetcatalog; path = Assets.xcassets; sourceTree = "<group>"; };
		D4E48B5027C702A800A8D8F0 /* Example.app */ = {isa = PBXFileReference; explicitFileType = wrapper.application; includeInIndex = 0; path = Example.app; sourceTree = BUILT_PRODUCTS_DIR; };
		D4E48B5527C702A800A8D8F0 /* Example.app */ = {isa = PBXFileReference; explicitFileType = wrapper.application; includeInIndex = 0; path = Example.app; sourceTree = BUILT_PRODUCTS_DIR; };
		D4E576A227B5988A00A97BB7 /* Exhibition.generated.swift */ = {isa = PBXFileReference; lastKnownFileType = sourcecode.swift; path = Exhibition.generated.swift; sourceTree = "<group>"; };
/* End PBXFileReference section */

/* Begin PBXFrameworksBuildPhase section */
		D4E48B4D27C702A800A8D8F0 /* Frameworks */ = {
			isa = PBXFrameworksBuildPhase;
			buildActionMask = 2147483647;
			files = (
				D4E48B6627C7038000A8D8F0 /* Exhibition in Frameworks */,
			);
			runOnlyForDeploymentPostprocessing = 0;
		};
		D4E48B5227C702A800A8D8F0 /* Frameworks */ = {
			isa = PBXFrameworksBuildPhase;
			buildActionMask = 2147483647;
			files = (
				D4E48B7127C703DF00A8D8F0 /* Exhibition in Frameworks */,
			);
			runOnlyForDeploymentPostprocessing = 0;
		};
/* End PBXFrameworksBuildPhase section */

/* Begin PBXGroup section */
		D4B360EC27B187EC001F5E20 = {
			isa = PBXGroup;
			children = (
				D4B360F727B187EC001F5E20 /* Example */,
				D4B3610F27B1896A001F5E20 /* Frameworks */,
				D4B3610D27B1894F001F5E20 /* Packages */,
				D4B360F627B187EC001F5E20 /* Products */,
			);
			sourceTree = "<group>";
		};
		D4B360F627B187EC001F5E20 /* Products */ = {
			isa = PBXGroup;
			children = (
				D4E48B5027C702A800A8D8F0 /* Example.app */,
				D4E48B5527C702A800A8D8F0 /* Example.app */,
			);
			name = Products;
			sourceTree = "<group>";
		};
		D4B360F727B187EC001F5E20 /* Example */ = {
			isa = PBXGroup;
			children = (
				D4E576A227B5988A00A97BB7 /* Exhibition.generated.swift */,
				D4B3610827B18839001F5E20 /* CustomButton.swift */,
				D4E48B4927C702A600A8D8F0 /* ExampleApp.swift */,
				D4E48B4A27C702A600A8D8F0 /* ContentView.swift */,
				D4E48B4B27C702A800A8D8F0 /* Assets.xcassets */,
			);
			path = Example;
			sourceTree = "<group>";
		};
		D4B3610D27B1894F001F5E20 /* Packages */ = {
			isa = PBXGroup;
			children = (
				D45C4ED327B1CE5000BA8515 /*  */,
			);
			name = Packages;
			sourceTree = "<group>";
		};
		D4B3610F27B1896A001F5E20 /* Frameworks */ = {
			isa = PBXGroup;
			children = (
			);
			name = Frameworks;
			sourceTree = "<group>";
		};
/* End PBXGroup section */

/* Begin PBXNativeTarget section */
		D4E48B4F27C702A800A8D8F0 /* Example (iOS) */ = {
			isa = PBXNativeTarget;
			buildConfigurationList = D4E48B5E27C702A800A8D8F0 /* Build configuration list for PBXNativeTarget "Example (iOS)" */;
			buildPhases = (
				D4E48B6427C7034600A8D8F0 /* Exhibition */,
				D4E48B4C27C702A800A8D8F0 /* Sources */,
				D4E48B4D27C702A800A8D8F0 /* Frameworks */,
				D4E48B4E27C702A800A8D8F0 /* Resources */,
			);
			buildRules = (
			);
			dependencies = (
			);
			name = "Example (iOS)";
			packageProductDependencies = (
				D4E48B6527C7038000A8D8F0 /* Exhibition */,
			);
			productName = "Example (iOS)";
			productReference = D4E48B5027C702A800A8D8F0 /* Example.app */;
			productType = "com.apple.product-type.application";
		};
		D4E48B5427C702A800A8D8F0 /* Example (macOS) */ = {
			isa = PBXNativeTarget;
			buildConfigurationList = D4E48B6127C702A800A8D8F0 /* Build configuration list for PBXNativeTarget "Example (macOS)" */;
			buildPhases = (
				D4E48B6F27C703D000A8D8F0 /* Exhibition */,
				D4E48B5127C702A800A8D8F0 /* Sources */,
				D4E48B5227C702A800A8D8F0 /* Frameworks */,
				D4E48B5327C702A800A8D8F0 /* Resources */,
			);
			buildRules = (
			);
			dependencies = (
			);
			name = "Example (macOS)";
			packageProductDependencies = (
				D4E48B7027C703DF00A8D8F0 /* Exhibition */,
			);
			productName = "Example (macOS)";
			productReference = D4E48B5527C702A800A8D8F0 /* Example.app */;
			productType = "com.apple.product-type.application";
		};
/* End PBXNativeTarget section */

/* Begin PBXProject section */
		D4B360ED27B187EC001F5E20 /* Project object */ = {
			isa = PBXProject;
			attributes = {
				BuildIndependentTargetsInParallel = 1;
				LastSwiftUpdateCheck = 1320;
				LastUpgradeCheck = 1320;
				TargetAttributes = {
					D4E48B4F27C702A800A8D8F0 = {
						CreatedOnToolsVersion = 13.2.1;
					};
					D4E48B5427C702A800A8D8F0 = {
						CreatedOnToolsVersion = 13.2.1;
					};
				};
			};
			buildConfigurationList = D4B360F027B187EC001F5E20 /* Build configuration list for PBXProject "Example" */;
			compatibilityVersion = "Xcode 13.0";
			developmentRegion = en;
			hasScannedForEncodings = 0;
			knownRegions = (
				en,
				Base,
			);
			mainGroup = D4B360EC27B187EC001F5E20;
			productRefGroup = D4B360F627B187EC001F5E20 /* Products */;
			projectDirPath = "";
			projectRoot = "";
			targets = (
				D4E48B4F27C702A800A8D8F0 /* Example (iOS) */,
				D4E48B5427C702A800A8D8F0 /* Example (macOS) */,
			);
		};
/* End PBXProject section */

/* Begin PBXResourcesBuildPhase section */
		D4E48B4E27C702A800A8D8F0 /* Resources */ = {
			isa = PBXResourcesBuildPhase;
			buildActionMask = 2147483647;
			files = (
				D4E48B5C27C702A800A8D8F0 /* Assets.xcassets in Resources */,
			);
			runOnlyForDeploymentPostprocessing = 0;
		};
		D4E48B5327C702A800A8D8F0 /* Resources */ = {
			isa = PBXResourcesBuildPhase;
			buildActionMask = 2147483647;
			files = (
				D4E48B5D27C702A800A8D8F0 /* Assets.xcassets in Resources */,
			);
			runOnlyForDeploymentPostprocessing = 0;
		};
/* End PBXResourcesBuildPhase section */

/* Begin PBXShellScriptBuildPhase section */
		D4E48B6427C7034600A8D8F0 /* Exhibition */ = {
			isa = PBXShellScriptBuildPhase;
			buildActionMask = 2147483647;
			files = (
			);
			inputFileListPaths = (
			);
			inputPaths = (
			);
			name = Exhibition;
			outputFileListPaths = (
			);
			outputPaths = (
			);
			runOnlyForDeploymentPostprocessing = 0;
			shellPath = /bin/sh;
			shellScript = "export PATH=\"/opt/homebrew/bin:$PATH\"\nsourcery --sources ./Example --templates . --output ./Example\n";
		};
		D4E48B6F27C703D000A8D8F0 /* Exhibition */ = {
			isa = PBXShellScriptBuildPhase;
			buildActionMask = 2147483647;
			files = (
			);
			inputFileListPaths = (
			);
			inputPaths = (
			);
			name = Exhibition;
			outputFileListPaths = (
			);
			outputPaths = (
			);
			runOnlyForDeploymentPostprocessing = 0;
			shellPath = /bin/sh;
			shellScript = "export PATH=\"/opt/homebrew/bin:$PATH\"\nsourcery --sources ./Example --templates . --output ./Example\n";
		};
/* End PBXShellScriptBuildPhase section */

/* Begin PBXSourcesBuildPhase section */
		D4E48B4C27C702A800A8D8F0 /* Sources */ = {
			isa = PBXSourcesBuildPhase;
			buildActionMask = 2147483647;
			files = (
				D4E48B6927C7039400A8D8F0 /* CustomButton.swift in Sources */,
				D4E48B5A27C702A800A8D8F0 /* ContentView.swift in Sources */,
				D4E48B6727C7038D00A8D8F0 /* Exhibition.generated.swift in Sources */,
				D4E48B5827C702A800A8D8F0 /* ExampleApp.swift in Sources */,
			);
			runOnlyForDeploymentPostprocessing = 0;
		};
		D4E48B5127C702A800A8D8F0 /* Sources */ = {
			isa = PBXSourcesBuildPhase;
			buildActionMask = 2147483647;
			files = (
				D4E48B6C27C7039400A8D8F0 /* CustomButton.swift in Sources */,
				D4E48B5B27C702A800A8D8F0 /* ContentView.swift in Sources */,
				D4E48B6827C7038E00A8D8F0 /* Exhibition.generated.swift in Sources */,
				D4E48B5927C702A800A8D8F0 /* ExampleApp.swift in Sources */,
			);
			runOnlyForDeploymentPostprocessing = 0;
		};
/* End PBXSourcesBuildPhase section */

/* Begin XCBuildConfiguration section */
		D4B3610127B187EE001F5E20 /* Debug */ = {
			isa = XCBuildConfiguration;
			buildSettings = {
				ALWAYS_SEARCH_USER_PATHS = NO;
				CLANG_ANALYZER_NONNULL = YES;
				CLANG_ANALYZER_NUMBER_OBJECT_CONVERSION = YES_AGGRESSIVE;
				CLANG_CXX_LANGUAGE_STANDARD = "gnu++17";
				CLANG_CXX_LIBRARY = "libc++";
				CLANG_ENABLE_MODULES = YES;
				CLANG_ENABLE_OBJC_ARC = YES;
				CLANG_ENABLE_OBJC_WEAK = YES;
				CLANG_WARN_BLOCK_CAPTURE_AUTORELEASING = YES;
				CLANG_WARN_BOOL_CONVERSION = YES;
				CLANG_WARN_COMMA = YES;
				CLANG_WARN_CONSTANT_CONVERSION = YES;
				CLANG_WARN_DEPRECATED_OBJC_IMPLEMENTATIONS = YES;
				CLANG_WARN_DIRECT_OBJC_ISA_USAGE = YES_ERROR;
				CLANG_WARN_DOCUMENTATION_COMMENTS = YES;
				CLANG_WARN_EMPTY_BODY = YES;
				CLANG_WARN_ENUM_CONVERSION = YES;
				CLANG_WARN_INFINITE_RECURSION = YES;
				CLANG_WARN_INT_CONVERSION = YES;
				CLANG_WARN_NON_LITERAL_NULL_CONVERSION = YES;
				CLANG_WARN_OBJC_IMPLICIT_RETAIN_SELF = YES;
				CLANG_WARN_OBJC_LITERAL_CONVERSION = YES;
				CLANG_WARN_OBJC_ROOT_CLASS = YES_ERROR;
				CLANG_WARN_QUOTED_INCLUDE_IN_FRAMEWORK_HEADER = YES;
				CLANG_WARN_RANGE_LOOP_ANALYSIS = YES;
				CLANG_WARN_STRICT_PROTOTYPES = YES;
				CLANG_WARN_SUSPICIOUS_MOVE = YES;
				CLANG_WARN_UNGUARDED_AVAILABILITY = YES_AGGRESSIVE;
				CLANG_WARN_UNREACHABLE_CODE = YES;
				CLANG_WARN__DUPLICATE_METHOD_MATCH = YES;
				COPY_PHASE_STRIP = NO;
				DEBUG_INFORMATION_FORMAT = dwarf;
				ENABLE_STRICT_OBJC_MSGSEND = YES;
				ENABLE_TESTABILITY = YES;
				GCC_C_LANGUAGE_STANDARD = gnu11;
				GCC_DYNAMIC_NO_PIC = NO;
				GCC_NO_COMMON_BLOCKS = YES;
				GCC_OPTIMIZATION_LEVEL = 0;
				GCC_PREPROCESSOR_DEFINITIONS = (
					"DEBUG=1",
					"$(inherited)",
				);
				GCC_WARN_64_TO_32_BIT_CONVERSION = YES;
				GCC_WARN_ABOUT_RETURN_TYPE = YES_ERROR;
				GCC_WARN_UNDECLARED_SELECTOR = YES;
				GCC_WARN_UNINITIALIZED_AUTOS = YES_AGGRESSIVE;
				GCC_WARN_UNUSED_FUNCTION = YES;
				GCC_WARN_UNUSED_VARIABLE = YES;
				IPHONEOS_DEPLOYMENT_TARGET = 15.2;
				MTL_ENABLE_DEBUG_INFO = INCLUDE_SOURCE;
				MTL_FAST_MATH = YES;
				ONLY_ACTIVE_ARCH = YES;
				SDKROOT = iphoneos;
				SWIFT_ACTIVE_COMPILATION_CONDITIONS = DEBUG;
				SWIFT_OPTIMIZATION_LEVEL = "-Onone";
			};
			name = Debug;
		};
		D4B3610227B187EE001F5E20 /* Release */ = {
			isa = XCBuildConfiguration;
			buildSettings = {
				ALWAYS_SEARCH_USER_PATHS = NO;
				CLANG_ANALYZER_NONNULL = YES;
				CLANG_ANALYZER_NUMBER_OBJECT_CONVERSION = YES_AGGRESSIVE;
				CLANG_CXX_LANGUAGE_STANDARD = "gnu++17";
				CLANG_CXX_LIBRARY = "libc++";
				CLANG_ENABLE_MODULES = YES;
				CLANG_ENABLE_OBJC_ARC = YES;
				CLANG_ENABLE_OBJC_WEAK = YES;
				CLANG_WARN_BLOCK_CAPTURE_AUTORELEASING = YES;
				CLANG_WARN_BOOL_CONVERSION = YES;
				CLANG_WARN_COMMA = YES;
				CLANG_WARN_CONSTANT_CONVERSION = YES;
				CLANG_WARN_DEPRECATED_OBJC_IMPLEMENTATIONS = YES;
				CLANG_WARN_DIRECT_OBJC_ISA_USAGE = YES_ERROR;
				CLANG_WARN_DOCUMENTATION_COMMENTS = YES;
				CLANG_WARN_EMPTY_BODY = YES;
				CLANG_WARN_ENUM_CONVERSION = YES;
				CLANG_WARN_INFINITE_RECURSION = YES;
				CLANG_WARN_INT_CONVERSION = YES;
				CLANG_WARN_NON_LITERAL_NULL_CONVERSION = YES;
				CLANG_WARN_OBJC_IMPLICIT_RETAIN_SELF = YES;
				CLANG_WARN_OBJC_LITERAL_CONVERSION = YES;
				CLANG_WARN_OBJC_ROOT_CLASS = YES_ERROR;
				CLANG_WARN_QUOTED_INCLUDE_IN_FRAMEWORK_HEADER = YES;
				CLANG_WARN_RANGE_LOOP_ANALYSIS = YES;
				CLANG_WARN_STRICT_PROTOTYPES = YES;
				CLANG_WARN_SUSPICIOUS_MOVE = YES;
				CLANG_WARN_UNGUARDED_AVAILABILITY = YES_AGGRESSIVE;
				CLANG_WARN_UNREACHABLE_CODE = YES;
				CLANG_WARN__DUPLICATE_METHOD_MATCH = YES;
				COPY_PHASE_STRIP = NO;
				DEBUG_INFORMATION_FORMAT = "dwarf-with-dsym";
				ENABLE_NS_ASSERTIONS = NO;
				ENABLE_STRICT_OBJC_MSGSEND = YES;
				GCC_C_LANGUAGE_STANDARD = gnu11;
				GCC_NO_COMMON_BLOCKS = YES;
				GCC_WARN_64_TO_32_BIT_CONVERSION = YES;
				GCC_WARN_ABOUT_RETURN_TYPE = YES_ERROR;
				GCC_WARN_UNDECLARED_SELECTOR = YES;
				GCC_WARN_UNINITIALIZED_AUTOS = YES_AGGRESSIVE;
				GCC_WARN_UNUSED_FUNCTION = YES;
				GCC_WARN_UNUSED_VARIABLE = YES;
				IPHONEOS_DEPLOYMENT_TARGET = 15.2;
				MTL_ENABLE_DEBUG_INFO = NO;
				MTL_FAST_MATH = YES;
				SDKROOT = iphoneos;
				SWIFT_COMPILATION_MODE = wholemodule;
				SWIFT_OPTIMIZATION_LEVEL = "-O";
				VALIDATE_PRODUCT = YES;
			};
			name = Release;
		};
		D4E48B5F27C702A800A8D8F0 /* Debug */ = {
			isa = XCBuildConfiguration;
			buildSettings = {
				ASSETCATALOG_COMPILER_APPICON_NAME = AppIcon;
				ASSETCATALOG_COMPILER_GLOBAL_ACCENT_COLOR_NAME = AccentColor;
				CODE_SIGN_STYLE = Automatic;
				CURRENT_PROJECT_VERSION = 1;
				ENABLE_PREVIEWS = YES;
				GENERATE_INFOPLIST_FILE = YES;
				INFOPLIST_KEY_UIApplicationSceneManifest_Generation = YES;
				INFOPLIST_KEY_UIApplicationSupportsIndirectInputEvents = YES;
				INFOPLIST_KEY_UILaunchScreen_Generation = YES;
				INFOPLIST_KEY_UISupportedInterfaceOrientations_iPad = "UIInterfaceOrientationPortrait UIInterfaceOrientationPortraitUpsideDown UIInterfaceOrientationLandscapeLeft UIInterfaceOrientationLandscapeRight";
				INFOPLIST_KEY_UISupportedInterfaceOrientations_iPhone = "UIInterfaceOrientationPortrait UIInterfaceOrientationLandscapeLeft UIInterfaceOrientationLandscapeRight";
				IPHONEOS_DEPLOYMENT_TARGET = 15.2;
				LD_RUNPATH_SEARCH_PATHS = (
					"$(inherited)",
					"@executable_path/Frameworks",
				);
				MARKETING_VERSION = 1.0;
				PRODUCT_BUNDLE_IDENTIFIER = ca.boolable.Exhibition.Example;
				PRODUCT_NAME = Example;
				SDKROOT = iphoneos;
				SWIFT_EMIT_LOC_STRINGS = YES;
				SWIFT_VERSION = 5.0;
				TARGETED_DEVICE_FAMILY = "1,2";
			};
			name = Debug;
		};
		D4E48B6027C702A800A8D8F0 /* Release */ = {
			isa = XCBuildConfiguration;
			buildSettings = {
				ASSETCATALOG_COMPILER_APPICON_NAME = AppIcon;
				ASSETCATALOG_COMPILER_GLOBAL_ACCENT_COLOR_NAME = AccentColor;
				CODE_SIGN_STYLE = Automatic;
				CURRENT_PROJECT_VERSION = 1;
				ENABLE_PREVIEWS = YES;
				GENERATE_INFOPLIST_FILE = YES;
				INFOPLIST_KEY_UIApplicationSceneManifest_Generation = YES;
				INFOPLIST_KEY_UIApplicationSupportsIndirectInputEvents = YES;
				INFOPLIST_KEY_UILaunchScreen_Generation = YES;
				INFOPLIST_KEY_UISupportedInterfaceOrientations_iPad = "UIInterfaceOrientationPortrait UIInterfaceOrientationPortraitUpsideDown UIInterfaceOrientationLandscapeLeft UIInterfaceOrientationLandscapeRight";
				INFOPLIST_KEY_UISupportedInterfaceOrientations_iPhone = "UIInterfaceOrientationPortrait UIInterfaceOrientationLandscapeLeft UIInterfaceOrientationLandscapeRight";
				IPHONEOS_DEPLOYMENT_TARGET = 15.2;
				LD_RUNPATH_SEARCH_PATHS = (
					"$(inherited)",
					"@executable_path/Frameworks",
				);
				MARKETING_VERSION = 1.0;
				PRODUCT_BUNDLE_IDENTIFIER = ca.boolable.Exhibition.Example;
				PRODUCT_NAME = Example;
				SDKROOT = iphoneos;
				SWIFT_EMIT_LOC_STRINGS = YES;
				SWIFT_VERSION = 5.0;
				TARGETED_DEVICE_FAMILY = "1,2";
				VALIDATE_PRODUCT = YES;
			};
			name = Release;
		};
		D4E48B6227C702A800A8D8F0 /* Debug */ = {
			isa = XCBuildConfiguration;
			buildSettings = {
				ASSETCATALOG_COMPILER_APPICON_NAME = AppIcon;
				ASSETCATALOG_COMPILER_GLOBAL_ACCENT_COLOR_NAME = AccentColor;
				CODE_SIGN_STYLE = Automatic;
				COMBINE_HIDPI_IMAGES = YES;
				CURRENT_PROJECT_VERSION = 1;
				ENABLE_PREVIEWS = YES;
				GENERATE_INFOPLIST_FILE = YES;
				INFOPLIST_KEY_NSHumanReadableCopyright = "";
				LD_RUNPATH_SEARCH_PATHS = (
					"$(inherited)",
					"@executable_path/../Frameworks",
				);
				MACOSX_DEPLOYMENT_TARGET = 11.6;
				MARKETING_VERSION = 1.0;
				PRODUCT_BUNDLE_IDENTIFIER = ca.boolable.Exhibition.Example;
				PRODUCT_NAME = Example;
				SDKROOT = macosx;
				SWIFT_EMIT_LOC_STRINGS = YES;
				SWIFT_VERSION = 5.0;
			};
			name = Debug;
		};
		D4E48B6327C702A800A8D8F0 /* Release */ = {
			isa = XCBuildConfiguration;
			buildSettings = {
				ASSETCATALOG_COMPILER_APPICON_NAME = AppIcon;
				ASSETCATALOG_COMPILER_GLOBAL_ACCENT_COLOR_NAME = AccentColor;
				CODE_SIGN_STYLE = Automatic;
				COMBINE_HIDPI_IMAGES = YES;
				CURRENT_PROJECT_VERSION = 1;
				ENABLE_PREVIEWS = YES;
				GENERATE_INFOPLIST_FILE = YES;
				INFOPLIST_KEY_NSHumanReadableCopyright = "";
				LD_RUNPATH_SEARCH_PATHS = (
					"$(inherited)",
					"@executable_path/../Frameworks",
				);
				MACOSX_DEPLOYMENT_TARGET = 11.6;
				MARKETING_VERSION = 1.0;
				PRODUCT_BUNDLE_IDENTIFIER = ca.boolable.Exhibition.Example;
				PRODUCT_NAME = Example;
				SDKROOT = macosx;
				SWIFT_EMIT_LOC_STRINGS = YES;
				SWIFT_VERSION = 5.0;
			};
			name = Release;
		};
/* End XCBuildConfiguration section */

/* Begin XCConfigurationList section */
		D4B360F027B187EC001F5E20 /* Build configuration list for PBXProject "Example" */ = {
			isa = XCConfigurationList;
			buildConfigurations = (
				D4B3610127B187EE001F5E20 /* Debug */,
				D4B3610227B187EE001F5E20 /* Release */,
			);
			defaultConfigurationIsVisible = 0;
			defaultConfigurationName = Release;
		};
		D4E48B5E27C702A800A8D8F0 /* Build configuration list for PBXNativeTarget "Example (iOS)" */ = {
			isa = XCConfigurationList;
			buildConfigurations = (
				D4E48B5F27C702A800A8D8F0 /* Debug */,
				D4E48B6027C702A800A8D8F0 /* Release */,
			);
			defaultConfigurationIsVisible = 0;
			defaultConfigurationName = Release;
		};
		D4E48B6127C702A800A8D8F0 /* Build configuration list for PBXNativeTarget "Example (macOS)" */ = {
			isa = XCConfigurationList;
			buildConfigurations = (
				D4E48B6227C702A800A8D8F0 /* Debug */,
				D4E48B6327C702A800A8D8F0 /* Release */,
			);
			defaultConfigurationIsVisible = 0;
			defaultConfigurationName = Release;
		};
/* End XCConfigurationList section */

/* Begin XCSwiftPackageProductDependency section */
		D4E48B6527C7038000A8D8F0 /* Exhibition */ = {
			isa = XCSwiftPackageProductDependency;
			productName = Exhibition;
		};
		D4E48B7027C703DF00A8D8F0 /* Exhibition */ = {
			isa = XCSwiftPackageProductDependency;
			productName = Exhibition;
		};
/* End XCSwiftPackageProductDependency section */
	};
	rootObject = D4B360ED27B187EC001F5E20 /* Project object */;
}
